
Microsoft Visual Studio Solution File, Format Version 12.00
# Visual Studio Version 16
VisualStudioVersion = 16.0.30711.63
MinimumVisualStudioVersion = 10.0.40219.1
Project("{FAE04EC0-301F-11D3-BF4B-00C04F79EFBC}") = "PR482017_Dimitrije_Vukovic", "PR482017_Dimitrije_Vukovic\PR482017_Dimitrije_Vukovic.csproj", "{F8A170E9-85D1-4602-8642-F1CCCC7B80CA}"
EndProject
Project("{FAE04EC0-301F-11D3-BF4B-00C04F79EFBC}") = "Classes", "Classes\Classes.csproj", "{74ACAC5F-0003-4E6C-B616-3ED8DADBE3BD}"
EndProject
Global
	GlobalSection(SolutionConfigurationPlatforms) = preSolution
		Debug|Any CPU = Debug|Any CPU
		Release|Any CPU = Release|Any CPU
	EndGlobalSection
	GlobalSection(ProjectConfigurationPlatforms) = postSolution
		{F8A170E9-85D1-4602-8642-F1CCCC7B80CA}.Debug|Any CPU.ActiveCfg = Debug|Any CPU
		{F8A170E9-85D1-4602-8642-F1CCCC7B80CA}.Debug|Any CPU.Build.0 = Debug|Any CPU
		{F8A170E9-85D1-4602-8642-F1CCCC7B80CA}.Release|Any CPU.ActiveCfg = Release|Any CPU
		{F8A170E9-85D1-4602-8642-F1CCCC7B80CA}.Release|Any CPU.Build.0 = Release|Any CPU
		{74ACAC5F-0003-4E6C-B616-3ED8DADBE3BD}.Debug|Any CPU.ActiveCfg = Debug|Any CPU
		{74ACAC5F-0003-4E6C-B616-3ED8DADBE3BD}.Debug|Any CPU.Build.0 = Debug|Any CPU
		{74ACAC5F-0003-4E6C-B616-3ED8DADBE3BD}.Release|Any CPU.ActiveCfg = Release|Any CPU
		{74ACAC5F-0003-4E6C-B616-3ED8DADBE3BD}.Release|Any CPU.Build.0 = Release|Any CPU
	EndGlobalSection
	GlobalSection(SolutionProperties) = preSolution
		HideSolutionNode = FALSE
	EndGlobalSection
	GlobalSection(ExtensibilityGlobals) = postSolution
		SolutionGuid = {E174F28F-78E6-4BC5-876C-619973599C17}
	EndGlobalSection
EndGlobal
